
Microsoft Visual Studio Solution File, Format Version 12.00
# Visual Studio Version 17
VisualStudioVersion = 17.5.002.0
MinimumVisualStudioVersion = 10.0.40219.1
Project("{9A19103F-16F7-4668-BE54-9A1E7A4F7556}") = "PlatformService", "PlatformService.csproj", "{35784650-C1D6-4F35-833B-57DB62C934EC}"
EndProject
Global
	GlobalSection(SolutionConfigurationPlatforms) = preSolution
		Debug|Any CPU = Debug|Any CPU
		Release|Any CPU = Release|Any CPU
	EndGlobalSection
	GlobalSection(ProjectConfigurationPlatforms) = postSolution
		{35784650-C1D6-4F35-833B-57DB62C934EC}.Debug|Any CPU.ActiveCfg = Debug|Any CPU
		{35784650-C1D6-4F35-833B-57DB62C934EC}.Debug|Any CPU.Build.0 = Debug|Any CPU
		{35784650-C1D6-4F35-833B-57DB62C934EC}.Release|Any CPU.ActiveCfg = Release|Any CPU
		{35784650-C1D6-4F35-833B-57DB62C934EC}.Release|Any CPU.Build.0 = Release|Any CPU
	EndGlobalSection
	GlobalSection(SolutionProperties) = preSolution
		HideSolutionNode = FALSE
	EndGlobalSection
	GlobalSection(ExtensibilityGlobals) = postSolution
		SolutionGuid = {E5F797E3-4E44-4042-AAC3-F328A3D16A76}
	EndGlobalSection
EndGlobal
